// !$*UTF8*$!
{
	archiveVersion = 1;
	classes = {
	};
	objectVersion = 50;
	objects = {

/* Begin PBXBuildFile section */
		9A50CC4C25D43F39009F77EE /* AppDelegate.swift in Sources */ = {isa = PBXBuildFile; fileRef = 9A50CC4B25D43F39009F77EE /* AppDelegate.swift */; };
		9A50CC4E25D43F39009F77EE /* SceneDelegate.swift in Sources */ = {isa = PBXBuildFile; fileRef = 9A50CC4D25D43F39009F77EE /* SceneDelegate.swift */; };
		9A50CC5025D43F39009F77EE /* MainViewController.swift in Sources */ = {isa = PBXBuildFile; fileRef = 9A50CC4F25D43F39009F77EE /* MainViewController.swift */; };
		9A50CC5325D43F39009F77EE /* Main.storyboard in Resources */ = {isa = PBXBuildFile; fileRef = 9A50CC5125D43F39009F77EE /* Main.storyboard */; };
		9A50CC5525D43F4C009F77EE /* Assets.xcassets in Resources */ = {isa = PBXBuildFile; fileRef = 9A50CC5425D43F4C009F77EE /* Assets.xcassets */; };
		9A50CC5825D43F4C009F77EE /* LaunchScreen.storyboard in Resources */ = {isa = PBXBuildFile; fileRef = 9A50CC5625D43F4C009F77EE /* LaunchScreen.storyboard */; };
		9A50CC6125D43F6C009F77EE /* FoodModel.swift in Sources */ = {isa = PBXBuildFile; fileRef = 9A50CC6025D43F6C009F77EE /* FoodModel.swift */; };
		9A50CC6525D442DB009F77EE /* ExpandableHeaderView.swift in Sources */ = {isa = PBXBuildFile; fileRef = 9A50CC6425D442DB009F77EE /* ExpandableHeaderView.swift */; };
		9A50CC6F25D46E0E009F77EE /* DetailViewController.swift in Sources */ = {isa = PBXBuildFile; fileRef = 9A50CC6D25D46E0E009F77EE /* DetailViewController.swift */; };
		9A50CC7025D46E0E009F77EE /* DetailViewController.xib in Resources */ = {isa = PBXBuildFile; fileRef = 9A50CC6E25D46E0E009F77EE /* DetailViewController.xib */; };
		9A50CC7825D476D8009F77EE /* BannerCollectionViewCell.swift in Sources */ = {isa = PBXBuildFile; fileRef = 9A50CC7625D476D8009F77EE /* BannerCollectionViewCell.swift */; };
		9A50CC7925D476D8009F77EE /* BannerCollectionViewCell.xib in Resources */ = {isa = PBXBuildFile; fileRef = 9A50CC7725D476D8009F77EE /* BannerCollectionViewCell.xib */; };
/* End PBXBuildFile section */

/* Begin PBXFileReference section */
		9A50CC4825D43F39009F77EE /* FoodMenu.app */ = {isa = PBXFileReference; explicitFileType = wrapper.application; includeInIndex = 0; path = FoodMenu.app; sourceTree = BUILT_PRODUCTS_DIR; };
		9A50CC4B25D43F39009F77EE /* AppDelegate.swift */ = {isa = PBXFileReference; lastKnownFileType = sourcecode.swift; path = AppDelegate.swift; sourceTree = "<group>"; };
		9A50CC4D25D43F39009F77EE /* SceneDelegate.swift */ = {isa = PBXFileReference; lastKnownFileType = sourcecode.swift; path = SceneDelegate.swift; sourceTree = "<group>"; };
		9A50CC4F25D43F39009F77EE /* MainViewController.swift */ = {isa = PBXFileReference; lastKnownFileType = sourcecode.swift; path = MainViewController.swift; sourceTree = "<group>"; };
		9A50CC5225D43F39009F77EE /* Base */ = {isa = PBXFileReference; lastKnownFileType = file.storyboard; name = Base; path = Base.lproj/Main.storyboard; sourceTree = "<group>"; };
		9A50CC5425D43F4C009F77EE /* Assets.xcassets */ = {isa = PBXFileReference; lastKnownFileType = folder.assetcatalog; path = Assets.xcassets; sourceTree = "<group>"; };
		9A50CC5725D43F4C009F77EE /* Base */ = {isa = PBXFileReference; lastKnownFileType = file.storyboard; name = Base; path = Base.lproj/LaunchScreen.storyboard; sourceTree = "<group>"; };
		9A50CC5925D43F4C009F77EE /* Info.plist */ = {isa = PBXFileReference; lastKnownFileType = text.plist.xml; path = Info.plist; sourceTree = "<group>"; };
		9A50CC6025D43F6C009F77EE /* FoodModel.swift */ = {isa = PBXFileReference; lastKnownFileType = sourcecode.swift; path = FoodModel.swift; sourceTree = "<group>"; };
		9A50CC6425D442DB009F77EE /* ExpandableHeaderView.swift */ = {isa = PBXFileReference; lastKnownFileType = sourcecode.swift; path = ExpandableHeaderView.swift; sourceTree = "<group>"; };
		9A50CC6D25D46E0E009F77EE /* DetailViewController.swift */ = {isa = PBXFileReference; lastKnownFileType = sourcecode.swift; path = DetailViewController.swift; sourceTree = "<group>"; };
		9A50CC6E25D46E0E009F77EE /* DetailViewController.xib */ = {isa = PBXFileReference; lastKnownFileType = file.xib; path = DetailViewController.xib; sourceTree = "<group>"; };
		9A50CC7625D476D8009F77EE /* BannerCollectionViewCell.swift */ = {isa = PBXFileReference; lastKnownFileType = sourcecode.swift; path = BannerCollectionViewCell.swift; sourceTree = "<group>"; };
		9A50CC7725D476D8009F77EE /* BannerCollectionViewCell.xib */ = {isa = PBXFileReference; lastKnownFileType = file.xib; path = BannerCollectionViewCell.xib; sourceTree = "<group>"; };
/* End PBXFileReference section */

/* Begin PBXFrameworksBuildPhase section */
		9A50CC4525D43F39009F77EE /* Frameworks */ = {
			isa = PBXFrameworksBuildPhase;
			buildActionMask = 2147483647;
			files = (
			);
			runOnlyForDeploymentPostprocessing = 0;
		};
/* End PBXFrameworksBuildPhase section */

/* Begin PBXGroup section */
		9A50CC3F25D43F39009F77EE = {
			isa = PBXGroup;
			children = (
				9A50CC4A25D43F39009F77EE /* FoodMenu */,
				9A50CC4925D43F39009F77EE /* Products */,
			);
			sourceTree = "<group>";
		};
		9A50CC4925D43F39009F77EE /* Products */ = {
			isa = PBXGroup;
			children = (
				9A50CC4825D43F39009F77EE /* FoodMenu.app */,
			);
			name = Products;
			sourceTree = "<group>";
		};
		9A50CC4A25D43F39009F77EE /* FoodMenu */ = {
			isa = PBXGroup;
			children = (
				9A50CC4B25D43F39009F77EE /* AppDelegate.swift */,
				9A50CC4D25D43F39009F77EE /* SceneDelegate.swift */,
				9A50CC4F25D43F39009F77EE /* MainViewController.swift */,
				9A50CC6025D43F6C009F77EE /* FoodModel.swift */,
				9A50CC7625D476D8009F77EE /* BannerCollectionViewCell.swift */,
				9A50CC7725D476D8009F77EE /* BannerCollectionViewCell.xib */,
				9A50CC6D25D46E0E009F77EE /* DetailViewController.swift */,
				9A50CC6E25D46E0E009F77EE /* DetailViewController.xib */,
				9A50CC6425D442DB009F77EE /* ExpandableHeaderView.swift */,
				9A50CC5125D43F39009F77EE /* Main.storyboard */,
				9A50CC5425D43F4C009F77EE /* Assets.xcassets */,
				9A50CC5625D43F4C009F77EE /* LaunchScreen.storyboard */,
				9A50CC5925D43F4C009F77EE /* Info.plist */,
			);
			path = FoodMenu;
			sourceTree = "<group>";
		};
/* End PBXGroup section */

/* Begin PBXNativeTarget section */
		9A50CC4725D43F39009F77EE /* FoodMenu */ = {
			isa = PBXNativeTarget;
			buildConfigurationList = 9A50CC5C25D43F4C009F77EE /* Build configuration list for PBXNativeTarget "FoodMenu" */;
			buildPhases = (
				9A50CC4425D43F39009F77EE /* Sources */,
				9A50CC4525D43F39009F77EE /* Frameworks */,
				9A50CC4625D43F39009F77EE /* Resources */,
			);
			buildRules = (
			);
			dependencies = (
			);
			name = FoodMenu;
			productName = FoodMenu;
			productReference = 9A50CC4825D43F39009F77EE /* FoodMenu.app */;
			productType = "com.apple.product-type.application";
		};
/* End PBXNativeTarget section */

/* Begin PBXProject section */
		9A50CC4025D43F39009F77EE /* Project object */ = {
			isa = PBXProject;
			attributes = {
				LastSwiftUpdateCheck = 1230;
				LastUpgradeCheck = 1230;
				TargetAttributes = {
					9A50CC4725D43F39009F77EE = {
						CreatedOnToolsVersion = 12.3;
					};
				};
			};
			buildConfigurationList = 9A50CC4325D43F39009F77EE /* Build configuration list for PBXProject "FoodMenu" */;
			compatibilityVersion = "Xcode 9.3";
			developmentRegion = en;
			hasScannedForEncodings = 0;
			knownRegions = (
				en,
				Base,
			);
			mainGroup = 9A50CC3F25D43F39009F77EE;
			productRefGroup = 9A50CC4925D43F39009F77EE /* Products */;
			projectDirPath = "";
			projectRoot = "";
			targets = (
				9A50CC4725D43F39009F77EE /* FoodMenu */,
			);
		};
/* End PBXProject section */

/* Begin PBXResourcesBuildPhase section */
		9A50CC4625D43F39009F77EE /* Resources */ = {
			isa = PBXResourcesBuildPhase;
			buildActionMask = 2147483647;
			files = (
				9A50CC5825D43F4C009F77EE /* LaunchScreen.storyboard in Resources */,
				9A50CC5525D43F4C009F77EE /* Assets.xcassets in Resources */,
				9A50CC5325D43F39009F77EE /* Main.storyboard in Resources */,
				9A50CC7025D46E0E009F77EE /* DetailViewController.xib in Resources */,
				9A50CC7925D476D8009F77EE /* BannerCollectionViewCell.xib in Resources */,
			);
			runOnlyForDeploymentPostprocessing = 0;
		};
/* End PBXResourcesBuildPhase section */

/* Begin PBXSourcesBuildPhase section */
		9A50CC4425D43F39009F77EE /* Sources */ = {
			isa = PBXSourcesBuildPhase;
			buildActionMask = 2147483647;
			files = (
				9A50CC5025D43F39009F77EE /* MainViewController.swift in Sources */,
				9A50CC4C25D43F39009F77EE /* AppDelegate.swift in Sources */,
				9A50CC6525D442DB009F77EE /* ExpandableHeaderView.swift in Sources */,
				9A50CC7825D476D8009F77EE /* BannerCollectionViewCell.swift in Sources */,
				9A50CC6F25D46E0E009F77EE /* DetailViewController.swift in Sources */,
				9A50CC4E25D43F39009F77EE /* SceneDelegate.swift in Sources */,
				9A50CC6125D43F6C009F77EE /* FoodModel.swift in Sources */,
			);
			runOnlyForDeploymentPostprocessing = 0;
		};
/* End PBXSourcesBuildPhase section */

/* Begin PBXVariantGroup section */
		9A50CC5125D43F39009F77EE /* Main.storyboard */ = {
			isa = PBXVariantGroup;
			children = (
				9A50CC5225D43F39009F77EE /* Base */,
			);
			name = Main.storyboard;
			sourceTree = "<group>";
		};
		9A50CC5625D43F4C009F77EE /* LaunchScreen.storyboard */ = {
			isa = PBXVariantGroup;
			children = (
				9A50CC5725D43F4C009F77EE /* Base */,
			);
			name = LaunchScreen.storyboard;
			sourceTree = "<group>";
		};
/* End PBXVariantGroup section */

/* Begin XCBuildConfiguration section */
		9A50CC5A25D43F4C009F77EE /* Debug */ = {
			isa = XCBuildConfiguration;
			buildSettings = {
				ALWAYS_SEARCH_USER_PATHS = NO;
				CLANG_ANALYZER_NONNULL = YES;
				CLANG_ANALYZER_NUMBER_OBJECT_CONVERSION = YES_AGGRESSIVE;
				CLANG_CXX_LANGUAGE_STANDARD = "gnu++14";
				CLANG_CXX_LIBRARY = "libc++";
				CLANG_ENABLE_MODULES = YES;
				CLANG_ENABLE_OBJC_ARC = YES;
				CLANG_ENABLE_OBJC_WEAK = YES;
				CLANG_WARN_BLOCK_CAPTURE_AUTORELEASING = YES;
				CLANG_WARN_BOOL_CONVERSION = YES;
				CLANG_WARN_COMMA = YES;
				CLANG_WARN_CONSTANT_CONVERSION = YES;
				CLANG_WARN_DEPRECATED_OBJC_IMPLEMENTATIONS = YES;
				CLANG_WARN_DIRECT_OBJC_ISA_USAGE = YES_ERROR;
				CLANG_WARN_DOCUMENTATION_COMMENTS = YES;
				CLANG_WARN_EMPTY_BODY = YES;
				CLANG_WARN_ENUM_CONVERSION = YES;
				CLANG_WARN_INFINITE_RECURSION = YES;
				CLANG_WARN_INT_CONVERSION = YES;
				CLANG_WARN_NON_LITERAL_NULL_CONVERSION = YES;
				CLANG_WARN_OBJC_IMPLICIT_RETAIN_SELF = YES;
				CLANG_WARN_OBJC_LITERAL_CONVERSION = YES;
				CLANG_WARN_OBJC_ROOT_CLASS = YES_ERROR;
				CLANG_WARN_QUOTED_INCLUDE_IN_FRAMEWORK_HEADER = YES;
				CLANG_WARN_RANGE_LOOP_ANALYSIS = YES;
				CLANG_WARN_STRICT_PROTOTYPES = YES;
				CLANG_WARN_SUSPICIOUS_MOVE = YES;
				CLANG_WARN_UNGUARDED_AVAILABILITY = YES_AGGRESSIVE;
				CLANG_WARN_UNREACHABLE_CODE = YES;
				CLANG_WARN__DUPLICATE_METHOD_MATCH = YES;
				COPY_PHASE_STRIP = NO;
				DEBUG_INFORMATION_FORMAT = dwarf;
				ENABLE_STRICT_OBJC_MSGSEND = YES;
				ENABLE_TESTABILITY = YES;
				GCC_C_LANGUAGE_STANDARD = gnu11;
				GCC_DYNAMIC_NO_PIC = NO;
				GCC_NO_COMMON_BLOCKS = YES;
				GCC_OPTIMIZATION_LEVEL = 0;
				GCC_PREPROCESSOR_DEFINITIONS = (
					"DEBUG=1",
					"$(inherited)",
				);
				GCC_WARN_64_TO_32_BIT_CONVERSION = YES;
				GCC_WARN_ABOUT_RETURN_TYPE = YES_ERROR;
				GCC_WARN_UNDECLARED_SELECTOR = YES;
				GCC_WARN_UNINITIALIZED_AUTOS = YES_AGGRESSIVE;
				GCC_WARN_UNUSED_FUNCTION = YES;
				GCC_WARN_UNUSED_VARIABLE = YES;
				IPHONEOS_DEPLOYMENT_TARGET = 14.3;
				MTL_ENABLE_DEBUG_INFO = INCLUDE_SOURCE;
				MTL_FAST_MATH = YES;
				ONLY_ACTIVE_ARCH = YES;
				SDKROOT = iphoneos;
				SWIFT_ACTIVE_COMPILATION_CONDITIONS = DEBUG;
				SWIFT_OPTIMIZATION_LEVEL = "-Onone";
			};
			name = Debug;
		};
		9A50CC5B25D43F4C009F77EE /* Release */ = {
			isa = XCBuildConfiguration;
			buildSettings = {
				ALWAYS_SEARCH_USER_PATHS = NO;
				CLANG_ANALYZER_NONNULL = YES;
				CLANG_ANALYZER_NUMBER_OBJECT_CONVERSION = YES_AGGRESSIVE;
				CLANG_CXX_LANGUAGE_STANDARD = "gnu++14";
				CLANG_CXX_LIBRARY = "libc++";
				CLANG_ENABLE_MODULES = YES;
				CLANG_ENABLE_OBJC_ARC = YES;
				CLANG_ENABLE_OBJC_WEAK = YES;
				CLANG_WARN_BLOCK_CAPTURE_AUTORELEASING = YES;
				CLANG_WARN_BOOL_CONVERSION = YES;
				CLANG_WARN_COMMA = YES;
				CLANG_WARN_CONSTANT_CONVERSION = YES;
				CLANG_WARN_DEPRECATED_OBJC_IMPLEMENTATIONS = YES;
				CLANG_WARN_DIRECT_OBJC_ISA_USAGE = YES_ERROR;
				CLANG_WARN_DOCUMENTATION_COMMENTS = YES;
				CLANG_WARN_EMPTY_BODY = YES;
				CLANG_WARN_ENUM_CONVERSION = YES;
				CLANG_WARN_INFINITE_RECURSION = YES;
				CLANG_WARN_INT_CONVERSION = YES;
				CLANG_WARN_NON_LITERAL_NULL_CONVERSION = YES;
				CLANG_WARN_OBJC_IMPLICIT_RETAIN_SELF = YES;
				CLANG_WARN_OBJC_LITERAL_CONVERSION = YES;
				CLANG_WARN_OBJC_ROOT_CLASS = YES_ERROR;
				CLANG_WARN_QUOTED_INCLUDE_IN_FRAMEWORK_HEADER = YES;
				CLANG_WARN_RANGE_LOOP_ANALYSIS = YES;
				CLANG_WARN_STRICT_PROTOTYPES = YES;
				CLANG_WARN_SUSPICIOUS_MOVE = YES;
				CLANG_WARN_UNGUARDED_AVAILABILITY = YES_AGGRESSIVE;
				CLANG_WARN_UNREACHABLE_CODE = YES;
				CLANG_WARN__DUPLICATE_METHOD_MATCH = YES;
				COPY_PHASE_STRIP = NO;
				DEBUG_INFORMATION_FORMAT = "dwarf-with-dsym";
				ENABLE_NS_ASSERTIONS = NO;
				ENABLE_STRICT_OBJC_MSGSEND = YES;
				GCC_C_LANGUAGE_STANDARD = gnu11;
				GCC_NO_COMMON_BLOCKS = YES;
				GCC_WARN_64_TO_32_BIT_CONVERSION = YES;
				GCC_WARN_ABOUT_RETURN_TYPE = YES_ERROR;
				GCC_WARN_UNDECLARED_SELECTOR = YES;
				GCC_WARN_UNINITIALIZED_AUTOS = YES_AGGRESSIVE;
				GCC_WARN_UNUSED_FUNCTION = YES;
				GCC_WARN_UNUSED_VARIABLE = YES;
				IPHONEOS_DEPLOYMENT_TARGET = 14.3;
				MTL_ENABLE_DEBUG_INFO = NO;
				MTL_FAST_MATH = YES;
				SDKROOT = iphoneos;
				SWIFT_COMPILATION_MODE = wholemodule;
				SWIFT_OPTIMIZATION_LEVEL = "-O";
				VALIDATE_PRODUCT = YES;
			};
			name = Release;
		};
		9A50CC5D25D43F4C009F77EE /* Debug */ = {
			isa = XCBuildConfiguration;
			buildSettings = {
				ASSETCATALOG_COMPILER_APPICON_NAME = AppIcon;
				ASSETCATALOG_COMPILER_GLOBAL_ACCENT_COLOR_NAME = AccentColor;
				CODE_SIGN_STYLE = Automatic;
				DEVELOPMENT_TEAM = 335RGMFDB6;
				INFOPLIST_FILE = FoodMenu/Info.plist;
				LD_RUNPATH_SEARCH_PATHS = (
					"$(inherited)",
					"@executable_path/Frameworks",
				);
				PRODUCT_BUNDLE_IDENTIFIER = com.demo.FoodMenu;
				PRODUCT_NAME = "$(TARGET_NAME)";
				SWIFT_VERSION = 5.0;
				TARGETED_DEVICE_FAMILY = "1,2";
			};
			name = Debug;
		};
		9A50CC5E25D43F4C009F77EE /* Release */ = {
			isa = XCBuildConfiguration;
			buildSettings = {
				ASSETCATALOG_COMPILER_APPICON_NAME = AppIcon;
				ASSETCATALOG_COMPILER_GLOBAL_ACCENT_COLOR_NAME = AccentColor;
				CODE_SIGN_STYLE = Automatic;
				DEVELOPMENT_TEAM = 335RGMFDB6;
				INFOPLIST_FILE = FoodMenu/Info.plist;
				LD_RUNPATH_SEARCH_PATHS = (
					"$(inherited)",
					"@executable_path/Frameworks",
				);
				PRODUCT_BUNDLE_IDENTIFIER = com.demo.FoodMenu;
				PRODUCT_NAME = "$(TARGET_NAME)";
				SWIFT_VERSION = 5.0;
				TARGETED_DEVICE_FAMILY = "1,2";
			};
			name = Release;
		};
/* End XCBuildConfiguration section */

/* Begin XCConfigurationList section */
		9A50CC4325D43F39009F77EE /* Build configuration list for PBXProject "FoodMenu" */ = {
			isa = XCConfigurationList;
			buildConfigurations = (
				9A50CC5A25D43F4C009F77EE /* Debug */,
				9A50CC5B25D43F4C009F77EE /* Release */,
			);
			defaultConfigurationIsVisible = 0;
			defaultConfigurationName = Release;
		};
		9A50CC5C25D43F4C009F77EE /* Build configuration list for PBXNativeTarget "FoodMenu" */ = {
			isa = XCConfigurationList;
			buildConfigurations = (
				9A50CC5D25D43F4C009F77EE /* Debug */,
				9A50CC5E25D43F4C009F77EE /* Release */,
			);
			defaultConfigurationIsVisible = 0;
			defaultConfigurationName = Release;
		};
/* End XCConfigurationList section */
	};
	rootObject = 9A50CC4025D43F39009F77EE /* Project object */;
}
